// !$*UTF8*$!
{
	archiveVersion = 1;
	classes = {
	};
	objectVersion = 50;
	objects = {

/* Begin PBXBuildFile section */
		9592557A74F50DB9865F4734 /* Pods_PokemonAPI.framework in Frameworks */ = {isa = PBXBuildFile; fileRef = EDF7C69B85AABFE9BB233346 /* Pods_PokemonAPI.framework */; };
		A33BED382281E15500DB2203 /* APIManager.swift in Sources */ = {isa = PBXBuildFile; fileRef = A33BED372281E15500DB2203 /* APIManager.swift */; };
		A36B75D42106E9EE00DE4EC6 /* PokemonTableViewCell.swift in Sources */ = {isa = PBXBuildFile; fileRef = A36B75D22106E9EE00DE4EC6 /* PokemonTableViewCell.swift */; };
		A36B75D52106E9EE00DE4EC6 /* PokemonTableViewCell.xib in Resources */ = {isa = PBXBuildFile; fileRef = A36B75D32106E9EE00DE4EC6 /* PokemonTableViewCell.xib */; };
		A36B75D82106EAFC00DE4EC6 /* MyExtensions.swift in Sources */ = {isa = PBXBuildFile; fileRef = A36B75D72106EAFC00DE4EC6 /* MyExtensions.swift */; };
		A36B75DA2106EC6400DE4EC6 /* HelpTools.swift in Sources */ = {isa = PBXBuildFile; fileRef = A36B75D92106EC6300DE4EC6 /* HelpTools.swift */; };
		A36B75DC2106EF4900DE4EC6 /* PokemonDataSourceDelegate.swift in Sources */ = {isa = PBXBuildFile; fileRef = A36B75DB2106EF4900DE4EC6 /* PokemonDataSourceDelegate.swift */; };
		A36B75DE2106EFA600DE4EC6 /* CellNames.swift in Sources */ = {isa = PBXBuildFile; fileRef = A36B75DD2106EFA600DE4EC6 /* CellNames.swift */; };
		A38C0F692106C7D40041E104 /* AppDelegate.swift in Sources */ = {isa = PBXBuildFile; fileRef = A38C0F682106C7D40041E104 /* AppDelegate.swift */; };
		A38C0F6E2106C7D40041E104 /* Main.storyboard in Resources */ = {isa = PBXBuildFile; fileRef = A38C0F6C2106C7D40041E104 /* Main.storyboard */; };
		A38C0F702106C7D70041E104 /* Assets.xcassets in Resources */ = {isa = PBXBuildFile; fileRef = A38C0F6F2106C7D70041E104 /* Assets.xcassets */; };
		A38C0F732106C7D70041E104 /* LaunchScreen.storyboard in Resources */ = {isa = PBXBuildFile; fileRef = A38C0F712106C7D70041E104 /* LaunchScreen.storyboard */; };
		A38C0F7B2106C8A20041E104 /* API.swift in Sources */ = {isa = PBXBuildFile; fileRef = A38C0F7A2106C8A20041E104 /* API.swift */; };
		A38C0F7D2106CF4D0041E104 /* NetworkResponse.swift in Sources */ = {isa = PBXBuildFile; fileRef = A38C0F7C2106CF4D0041E104 /* NetworkResponse.swift */; };
		A38C0F7F2106D02E0041E104 /* Networking.swift in Sources */ = {isa = PBXBuildFile; fileRef = A38C0F7E2106D02E0041E104 /* Networking.swift */; };
		A38C0F822106DBB90041E104 /* Pokemon.swift in Sources */ = {isa = PBXBuildFile; fileRef = A38C0F812106DBB90041E104 /* Pokemon.swift */; };
		A38C0F882106E7790041E104 /* LoginViewController.swift in Sources */ = {isa = PBXBuildFile; fileRef = A38C0F872106E7790041E104 /* LoginViewController.swift */; };
		A38C0F8A2106E78B0041E104 /* PokemonListViewController.swift in Sources */ = {isa = PBXBuildFile; fileRef = A38C0F892106E78B0041E104 /* PokemonListViewController.swift */; };
		A3CC24672280A41C00A5760F /* PokemonAPI.swift in Sources */ = {isa = PBXBuildFile; fileRef = A3CC24662280A41C00A5760F /* PokemonAPI.swift */; };
		A3CC24692280C45C00A5760F /* PaginationModel.swift in Sources */ = {isa = PBXBuildFile; fileRef = A3CC24682280C45C00A5760F /* PaginationModel.swift */; };
/* End PBXBuildFile section */

/* Begin PBXFileReference section */
		1F2EFB21558E46A5D42A82DB /* Pods-PokemonAPI.debug.xcconfig */ = {isa = PBXFileReference; includeInIndex = 1; lastKnownFileType = text.xcconfig; name = "Pods-PokemonAPI.debug.xcconfig"; path = "Pods/Target Support Files/Pods-PokemonAPI/Pods-PokemonAPI.debug.xcconfig"; sourceTree = "<group>"; };
		A33BED372281E15500DB2203 /* APIManager.swift */ = {isa = PBXFileReference; lastKnownFileType = sourcecode.swift; path = APIManager.swift; sourceTree = "<group>"; };
		A36B75D22106E9EE00DE4EC6 /* PokemonTableViewCell.swift */ = {isa = PBXFileReference; lastKnownFileType = sourcecode.swift; path = PokemonTableViewCell.swift; sourceTree = "<group>"; };
		A36B75D32106E9EE00DE4EC6 /* PokemonTableViewCell.xib */ = {isa = PBXFileReference; lastKnownFileType = file.xib; path = PokemonTableViewCell.xib; sourceTree = "<group>"; };
		A36B75D72106EAFC00DE4EC6 /* MyExtensions.swift */ = {isa = PBXFileReference; fileEncoding = 4; lastKnownFileType = sourcecode.swift; path = MyExtensions.swift; sourceTree = "<group>"; };
		A36B75D92106EC6300DE4EC6 /* HelpTools.swift */ = {isa = PBXFileReference; fileEncoding = 4; lastKnownFileType = sourcecode.swift; path = HelpTools.swift; sourceTree = "<group>"; };
		A36B75DB2106EF4900DE4EC6 /* PokemonDataSourceDelegate.swift */ = {isa = PBXFileReference; lastKnownFileType = sourcecode.swift; path = PokemonDataSourceDelegate.swift; sourceTree = "<group>"; };
		A36B75DD2106EFA600DE4EC6 /* CellNames.swift */ = {isa = PBXFileReference; lastKnownFileType = sourcecode.swift; path = CellNames.swift; sourceTree = "<group>"; };
		A38C0F652106C7D40041E104 /* PokemonAPI.app */ = {isa = PBXFileReference; explicitFileType = wrapper.application; includeInIndex = 0; path = PokemonAPI.app; sourceTree = BUILT_PRODUCTS_DIR; };
		A38C0F682106C7D40041E104 /* AppDelegate.swift */ = {isa = PBXFileReference; lastKnownFileType = sourcecode.swift; path = AppDelegate.swift; sourceTree = "<group>"; };
		A38C0F6D2106C7D40041E104 /* Base */ = {isa = PBXFileReference; lastKnownFileType = file.storyboard; name = Base; path = Base.lproj/Main.storyboard; sourceTree = "<group>"; };
		A38C0F6F2106C7D70041E104 /* Assets.xcassets */ = {isa = PBXFileReference; lastKnownFileType = folder.assetcatalog; path = Assets.xcassets; sourceTree = "<group>"; };
		A38C0F722106C7D70041E104 /* Base */ = {isa = PBXFileReference; lastKnownFileType = file.storyboard; name = Base; path = Base.lproj/LaunchScreen.storyboard; sourceTree = "<group>"; };
		A38C0F742106C7D70041E104 /* Info.plist */ = {isa = PBXFileReference; lastKnownFileType = text.plist.xml; path = Info.plist; sourceTree = "<group>"; };
		A38C0F7A2106C8A20041E104 /* API.swift */ = {isa = PBXFileReference; lastKnownFileType = sourcecode.swift; path = API.swift; sourceTree = "<group>"; };
		A38C0F7C2106CF4D0041E104 /* NetworkResponse.swift */ = {isa = PBXFileReference; lastKnownFileType = sourcecode.swift; path = NetworkResponse.swift; sourceTree = "<group>"; };
		A38C0F7E2106D02E0041E104 /* Networking.swift */ = {isa = PBXFileReference; lastKnownFileType = sourcecode.swift; path = Networking.swift; sourceTree = "<group>"; };
		A38C0F812106DBB90041E104 /* Pokemon.swift */ = {isa = PBXFileReference; lastKnownFileType = sourcecode.swift; path = Pokemon.swift; sourceTree = "<group>"; };
		A38C0F872106E7790041E104 /* LoginViewController.swift */ = {isa = PBXFileReference; lastKnownFileType = sourcecode.swift; path = LoginViewController.swift; sourceTree = "<group>"; };
		A38C0F892106E78B0041E104 /* PokemonListViewController.swift */ = {isa = PBXFileReference; lastKnownFileType = sourcecode.swift; path = PokemonListViewController.swift; sourceTree = "<group>"; };
		A3CC24662280A41C00A5760F /* PokemonAPI.swift */ = {isa = PBXFileReference; lastKnownFileType = sourcecode.swift; path = PokemonAPI.swift; sourceTree = "<group>"; };
		A3CC24682280C45C00A5760F /* PaginationModel.swift */ = {isa = PBXFileReference; lastKnownFileType = sourcecode.swift; path = PaginationModel.swift; sourceTree = "<group>"; };
		CBBA17589BA657DA8D8FFF43 /* Pods-PokemonAPI.release.xcconfig */ = {isa = PBXFileReference; includeInIndex = 1; lastKnownFileType = text.xcconfig; name = "Pods-PokemonAPI.release.xcconfig"; path = "Pods/Target Support Files/Pods-PokemonAPI/Pods-PokemonAPI.release.xcconfig"; sourceTree = "<group>"; };
		EDF7C69B85AABFE9BB233346 /* Pods_PokemonAPI.framework */ = {isa = PBXFileReference; explicitFileType = wrapper.framework; includeInIndex = 0; path = Pods_PokemonAPI.framework; sourceTree = BUILT_PRODUCTS_DIR; };
/* End PBXFileReference section */

/* Begin PBXFrameworksBuildPhase section */
		A38C0F622106C7D40041E104 /* Frameworks */ = {
			isa = PBXFrameworksBuildPhase;
			buildActionMask = 2147483647;
			files = (
				9592557A74F50DB9865F4734 /* Pods_PokemonAPI.framework in Frameworks */,
			);
			runOnlyForDeploymentPostprocessing = 0;
		};
/* End PBXFrameworksBuildPhase section */

/* Begin PBXGroup section */
		20C13B99F62FBA8F8A82F1AE /* Frameworks */ = {
			isa = PBXGroup;
			children = (
				EDF7C69B85AABFE9BB233346 /* Pods_PokemonAPI.framework */,
			);
			name = Frameworks;
			sourceTree = "<group>";
		};
		A36B75D62106E9F700DE4EC6 /* Views */ = {
			isa = PBXGroup;
			children = (
				A36B75D22106E9EE00DE4EC6 /* PokemonTableViewCell.swift */,
				A36B75D32106E9EE00DE4EC6 /* PokemonTableViewCell.xib */,
			);
			path = Views;
			sourceTree = "<group>";
		};
		A38C0F5C2106C7D40041E104 = {
			isa = PBXGroup;
			children = (
				A38C0F672106C7D40041E104 /* PokemonAPI */,
				A38C0F662106C7D40041E104 /* Products */,
				F08112DE5F73FCC15F3BE466 /* Pods */,
				20C13B99F62FBA8F8A82F1AE /* Frameworks */,
			);
			sourceTree = "<group>";
		};
		A38C0F662106C7D40041E104 /* Products */ = {
			isa = PBXGroup;
			children = (
				A38C0F652106C7D40041E104 /* PokemonAPI.app */,
			);
			name = Products;
			sourceTree = "<group>";
		};
		A38C0F672106C7D40041E104 /* PokemonAPI */ = {
			isa = PBXGroup;
			children = (
				A36B75D62106E9F700DE4EC6 /* Views */,
				A38C0F742106C7D70041E104 /* Info.plist */,
				A38C0F862106E7570041E104 /* Other Files */,
				A38C0F852106E7410041E104 /* Storyboards */,
				A38C0F842106E7370041E104 /* ViewControllers */,
				A38C0F802106DBA50041E104 /* Model */,
				A38C0F6F2106C7D70041E104 /* Assets.xcassets */,
			);
			path = PokemonAPI;
			sourceTree = "<group>";
		};
		A38C0F802106DBA50041E104 /* Model */ = {
			isa = PBXGroup;
			children = (
				A38C0F812106DBB90041E104 /* Pokemon.swift */,
				A38C0F7A2106C8A20041E104 /* API.swift */,
				A38C0F7C2106CF4D0041E104 /* NetworkResponse.swift */,
				A38C0F7E2106D02E0041E104 /* Networking.swift */,
				A36B75DB2106EF4900DE4EC6 /* PokemonDataSourceDelegate.swift */,
				A36B75DD2106EFA600DE4EC6 /* CellNames.swift */,
				A3CC24662280A41C00A5760F /* PokemonAPI.swift */,
				A3CC24682280C45C00A5760F /* PaginationModel.swift */,
				A33BED372281E15500DB2203 /* APIManager.swift */,
			);
			path = Model;
			sourceTree = "<group>";
		};
		A38C0F842106E7370041E104 /* ViewControllers */ = {
			isa = PBXGroup;
			children = (
				A38C0F872106E7790041E104 /* LoginViewController.swift */,
				A38C0F892106E78B0041E104 /* PokemonListViewController.swift */,
			);
			path = ViewControllers;
			sourceTree = "<group>";
		};
		A38C0F852106E7410041E104 /* Storyboards */ = {
			isa = PBXGroup;
			children = (
				A38C0F6C2106C7D40041E104 /* Main.storyboard */,
				A38C0F712106C7D70041E104 /* LaunchScreen.storyboard */,
			);
			path = Storyboards;
			sourceTree = "<group>";
		};
		A38C0F862106E7570041E104 /* Other Files */ = {
			isa = PBXGroup;
			children = (
				A36B75D92106EC6300DE4EC6 /* HelpTools.swift */,
				A36B75D72106EAFC00DE4EC6 /* MyExtensions.swift */,
				A38C0F682106C7D40041E104 /* AppDelegate.swift */,
			);
			path = "Other Files";
			sourceTree = "<group>";
		};
		F08112DE5F73FCC15F3BE466 /* Pods */ = {
			isa = PBXGroup;
			children = (
				1F2EFB21558E46A5D42A82DB /* Pods-PokemonAPI.debug.xcconfig */,
				CBBA17589BA657DA8D8FFF43 /* Pods-PokemonAPI.release.xcconfig */,
			);
			name = Pods;
			sourceTree = "<group>";
		};
/* End PBXGroup section */

/* Begin PBXNativeTarget section */
		A38C0F642106C7D40041E104 /* PokemonAPI */ = {
			isa = PBXNativeTarget;
			buildConfigurationList = A38C0F772106C7D70041E104 /* Build configuration list for PBXNativeTarget "PokemonAPI" */;
			buildPhases = (
				8AC085193594512D341CF164 /* [CP] Check Pods Manifest.lock */,
				A38C0F612106C7D40041E104 /* Sources */,
				A38C0F622106C7D40041E104 /* Frameworks */,
				A38C0F632106C7D40041E104 /* Resources */,
				3381E206F2216AC47ADB07D7 /* [CP] Embed Pods Frameworks */,
				2608936BDBB16DDCC75C47AA /* [CP] Copy Pods Resources */,
			);
			buildRules = (
			);
			dependencies = (
			);
			name = PokemonAPI;
			productName = PokemonAPI;
			productReference = A38C0F652106C7D40041E104 /* PokemonAPI.app */;
			productType = "com.apple.product-type.application";
		};
/* End PBXNativeTarget section */

/* Begin PBXProject section */
		A38C0F5D2106C7D40041E104 /* Project object */ = {
			isa = PBXProject;
			attributes = {
				LastSwiftUpdateCheck = 0940;
				LastUpgradeCheck = 0940;
				ORGANIZATIONNAME = AEP;
				TargetAttributes = {
					A38C0F642106C7D40041E104 = {
						CreatedOnToolsVersion = 9.4.1;
					};
				};
			};
			buildConfigurationList = A38C0F602106C7D40041E104 /* Build configuration list for PBXProject "PokemonAPI" */;
			compatibilityVersion = "Xcode 9.3";
			developmentRegion = en;
			hasScannedForEncodings = 0;
			knownRegions = (
				en,
				Base,
			);
			mainGroup = A38C0F5C2106C7D40041E104;
			productRefGroup = A38C0F662106C7D40041E104 /* Products */;
			projectDirPath = "";
			projectRoot = "";
			targets = (
				A38C0F642106C7D40041E104 /* PokemonAPI */,
			);
		};
/* End PBXProject section */

/* Begin PBXResourcesBuildPhase section */
		A38C0F632106C7D40041E104 /* Resources */ = {
			isa = PBXResourcesBuildPhase;
			buildActionMask = 2147483647;
			files = (
				A38C0F732106C7D70041E104 /* LaunchScreen.storyboard in Resources */,
				A36B75D52106E9EE00DE4EC6 /* PokemonTableViewCell.xib in Resources */,
				A38C0F702106C7D70041E104 /* Assets.xcassets in Resources */,
				A38C0F6E2106C7D40041E104 /* Main.storyboard in Resources */,
			);
			runOnlyForDeploymentPostprocessing = 0;
		};
/* End PBXResourcesBuildPhase section */

/* Begin PBXShellScriptBuildPhase section */
		2608936BDBB16DDCC75C47AA /* [CP] Copy Pods Resources */ = {
			isa = PBXShellScriptBuildPhase;
			buildActionMask = 2147483647;
			files = (
			);
			inputPaths = (
			);
			name = "[CP] Copy Pods Resources";
			outputPaths = (
			);
			runOnlyForDeploymentPostprocessing = 0;
			shellPath = /bin/sh;
			shellScript = "\"${SRCROOT}/Pods/Target Support Files/Pods-PokemonAPI/Pods-PokemonAPI-resources.sh\"\n";
			showEnvVarsInLog = 0;
		};
		3381E206F2216AC47ADB07D7 /* [CP] Embed Pods Frameworks */ = {
			isa = PBXShellScriptBuildPhase;
			buildActionMask = 2147483647;
			files = (
			);
			inputPaths = (
				"${SRCROOT}/Pods/Target Support Files/Pods-PokemonAPI/Pods-PokemonAPI-frameworks.sh",
				"${BUILT_PRODUCTS_DIR}/Alamofire/Alamofire.framework",
				"${BUILT_PRODUCTS_DIR}/IQKeyboardManagerSwift/IQKeyboardManagerSwift.framework",
				"${BUILT_PRODUCTS_DIR}/MBProgressHUD/MBProgressHUD.framework",
				"${BUILT_PRODUCTS_DIR}/SDWebImage/SDWebImage.framework",
				"${BUILT_PRODUCTS_DIR}/SwiftyJSON/SwiftyJSON.framework",
			);
			name = "[CP] Embed Pods Frameworks";
			outputPaths = (
				"${TARGET_BUILD_DIR}/${FRAMEWORKS_FOLDER_PATH}/Alamofire.framework",
				"${TARGET_BUILD_DIR}/${FRAMEWORKS_FOLDER_PATH}/IQKeyboardManagerSwift.framework",
				"${TARGET_BUILD_DIR}/${FRAMEWORKS_FOLDER_PATH}/MBProgressHUD.framework",
				"${TARGET_BUILD_DIR}/${FRAMEWORKS_FOLDER_PATH}/SDWebImage.framework",
				"${TARGET_BUILD_DIR}/${FRAMEWORKS_FOLDER_PATH}/SwiftyJSON.framework",
			);
			runOnlyForDeploymentPostprocessing = 0;
			shellPath = /bin/sh;
			shellScript = "\"${SRCROOT}/Pods/Target Support Files/Pods-PokemonAPI/Pods-PokemonAPI-frameworks.sh\"\n";
			showEnvVarsInLog = 0;
		};
		8AC085193594512D341CF164 /* [CP] Check Pods Manifest.lock */ = {
			isa = PBXShellScriptBuildPhase;
			buildActionMask = 2147483647;
			files = (
			);
			inputPaths = (
				"${PODS_PODFILE_DIR_PATH}/Podfile.lock",
				"${PODS_ROOT}/Manifest.lock",
			);
			name = "[CP] Check Pods Manifest.lock";
			outputPaths = (
				"$(DERIVED_FILE_DIR)/Pods-PokemonAPI-checkManifestLockResult.txt",
			);
			runOnlyForDeploymentPostprocessing = 0;
			shellPath = /bin/sh;
			shellScript = "diff \"${PODS_PODFILE_DIR_PATH}/Podfile.lock\" \"${PODS_ROOT}/Manifest.lock\" > /dev/null\nif [ $? != 0 ] ; then\n    # print error to STDERR\n    echo \"error: The sandbox is not in sync with the Podfile.lock. Run 'pod install' or update your CocoaPods installation.\" >&2\n    exit 1\nfi\n# This output is used by Xcode 'outputs' to avoid re-running this script phase.\necho \"SUCCESS\" > \"${SCRIPT_OUTPUT_FILE_0}\"\n";
			showEnvVarsInLog = 0;
		};
/* End PBXShellScriptBuildPhase section */

/* Begin PBXSourcesBuildPhase section */
		A38C0F612106C7D40041E104 /* Sources */ = {
			isa = PBXSourcesBuildPhase;
			buildActionMask = 2147483647;
			files = (
				A38C0F882106E7790041E104 /* LoginViewController.swift in Sources */,
				A3CC24692280C45C00A5760F /* PaginationModel.swift in Sources */,
				A36B75D42106E9EE00DE4EC6 /* PokemonTableViewCell.swift in Sources */,
				A36B75DE2106EFA600DE4EC6 /* CellNames.swift in Sources */,
				A38C0F7F2106D02E0041E104 /* Networking.swift in Sources */,
				A38C0F7D2106CF4D0041E104 /* NetworkResponse.swift in Sources */,
				A38C0F8A2106E78B0041E104 /* PokemonListViewController.swift in Sources */,
				A38C0F7B2106C8A20041E104 /* API.swift in Sources */,
				A36B75D82106EAFC00DE4EC6 /* MyExtensions.swift in Sources */,
				A38C0F692106C7D40041E104 /* AppDelegate.swift in Sources */,
				A36B75DA2106EC6400DE4EC6 /* HelpTools.swift in Sources */,
				A38C0F822106DBB90041E104 /* Pokemon.swift in Sources */,
				A33BED382281E15500DB2203 /* APIManager.swift in Sources */,
				A36B75DC2106EF4900DE4EC6 /* PokemonDataSourceDelegate.swift in Sources */,
				A3CC24672280A41C00A5760F /* PokemonAPI.swift in Sources */,
			);
			runOnlyForDeploymentPostprocessing = 0;
		};
/* End PBXSourcesBuildPhase section */

/* Begin PBXVariantGroup section */
		A38C0F6C2106C7D40041E104 /* Main.storyboard */ = {
			isa = PBXVariantGroup;
			children = (
				A38C0F6D2106C7D40041E104 /* Base */,
			);
			name = Main.storyboard;
			sourceTree = "<group>";
		};
		A38C0F712106C7D70041E104 /* LaunchScreen.storyboard */ = {
			isa = PBXVariantGroup;
			children = (
				A38C0F722106C7D70041E104 /* Base */,
			);
			name = LaunchScreen.storyboard;
			sourceTree = "<group>";
		};
/* End PBXVariantGroup section */

/* Begin XCBuildConfiguration section */
		A38C0F752106C7D70041E104 /* Debug */ = {
			isa = XCBuildConfiguration;
			buildSettings = {
				ALWAYS_SEARCH_USER_PATHS = NO;
				CLANG_ANALYZER_NONNULL = YES;
				CLANG_ANALYZER_NUMBER_OBJECT_CONVERSION = YES_AGGRESSIVE;
				CLANG_CXX_LANGUAGE_STANDARD = "gnu++14";
				CLANG_CXX_LIBRARY = "libc++";
				CLANG_ENABLE_MODULES = YES;
				CLANG_ENABLE_OBJC_ARC = YES;
				CLANG_ENABLE_OBJC_WEAK = YES;
				CLANG_WARN_BLOCK_CAPTURE_AUTORELEASING = YES;
				CLANG_WARN_BOOL_CONVERSION = YES;
				CLANG_WARN_COMMA = YES;
				CLANG_WARN_CONSTANT_CONVERSION = YES;
				CLANG_WARN_DEPRECATED_OBJC_IMPLEMENTATIONS = YES;
				CLANG_WARN_DIRECT_OBJC_ISA_USAGE = YES_ERROR;
				CLANG_WARN_DOCUMENTATION_COMMENTS = YES;
				CLANG_WARN_EMPTY_BODY = YES;
				CLANG_WARN_ENUM_CONVERSION = YES;
				CLANG_WARN_INFINITE_RECURSION = YES;
				CLANG_WARN_INT_CONVERSION = YES;
				CLANG_WARN_NON_LITERAL_NULL_CONVERSION = YES;
				CLANG_WARN_OBJC_IMPLICIT_RETAIN_SELF = YES;
				CLANG_WARN_OBJC_LITERAL_CONVERSION = YES;
				CLANG_WARN_OBJC_ROOT_CLASS = YES_ERROR;
				CLANG_WARN_RANGE_LOOP_ANALYSIS = YES;
				CLANG_WARN_STRICT_PROTOTYPES = YES;
				CLANG_WARN_SUSPICIOUS_MOVE = YES;
				CLANG_WARN_UNGUARDED_AVAILABILITY = YES_AGGRESSIVE;
				CLANG_WARN_UNREACHABLE_CODE = YES;
				CLANG_WARN__DUPLICATE_METHOD_MATCH = YES;
				CODE_SIGN_IDENTITY = "iPhone Developer";
				COPY_PHASE_STRIP = NO;
				DEBUG_INFORMATION_FORMAT = dwarf;
				ENABLE_STRICT_OBJC_MSGSEND = YES;
				ENABLE_TESTABILITY = YES;
				GCC_C_LANGUAGE_STANDARD = gnu11;
				GCC_DYNAMIC_NO_PIC = NO;
				GCC_NO_COMMON_BLOCKS = YES;
				GCC_OPTIMIZATION_LEVEL = 0;
				GCC_PREPROCESSOR_DEFINITIONS = (
					"DEBUG=1",
					"$(inherited)",
				);
				GCC_WARN_64_TO_32_BIT_CONVERSION = YES;
				GCC_WARN_ABOUT_RETURN_TYPE = YES_ERROR;
				GCC_WARN_UNDECLARED_SELECTOR = YES;
				GCC_WARN_UNINITIALIZED_AUTOS = YES_AGGRESSIVE;
				GCC_WARN_UNUSED_FUNCTION = YES;
				GCC_WARN_UNUSED_VARIABLE = YES;
				IPHONEOS_DEPLOYMENT_TARGET = 11.4;
				MTL_ENABLE_DEBUG_INFO = YES;
				ONLY_ACTIVE_ARCH = YES;
				SDKROOT = iphoneos;
				SWIFT_ACTIVE_COMPILATION_CONDITIONS = DEBUG;
				SWIFT_OPTIMIZATION_LEVEL = "-Onone";
			};
			name = Debug;
		};
		A38C0F762106C7D70041E104 /* Release */ = {
			isa = XCBuildConfiguration;
			buildSettings = {
				ALWAYS_SEARCH_USER_PATHS = NO;
				CLANG_ANALYZER_NONNULL = YES;
				CLANG_ANALYZER_NUMBER_OBJECT_CONVERSION = YES_AGGRESSIVE;
				CLANG_CXX_LANGUAGE_STANDARD = "gnu++14";
				CLANG_CXX_LIBRARY = "libc++";
				CLANG_ENABLE_MODULES = YES;
				CLANG_ENABLE_OBJC_ARC = YES;
				CLANG_ENABLE_OBJC_WEAK = YES;
				CLANG_WARN_BLOCK_CAPTURE_AUTORELEASING = YES;
				CLANG_WARN_BOOL_CONVERSION = YES;
				CLANG_WARN_COMMA = YES;
				CLANG_WARN_CONSTANT_CONVERSION = YES;
				CLANG_WARN_DEPRECATED_OBJC_IMPLEMENTATIONS = YES;
				CLANG_WARN_DIRECT_OBJC_ISA_USAGE = YES_ERROR;
				CLANG_WARN_DOCUMENTATION_COMMENTS = YES;
				CLANG_WARN_EMPTY_BODY = YES;
				CLANG_WARN_ENUM_CONVERSION = YES;
				CLANG_WARN_INFINITE_RECURSION = YES;
				CLANG_WARN_INT_CONVERSION = YES;
				CLANG_WARN_NON_LITERAL_NULL_CONVERSION = YES;
				CLANG_WARN_OBJC_IMPLICIT_RETAIN_SELF = YES;
				CLANG_WARN_OBJC_LITERAL_CONVERSION = YES;
				CLANG_WARN_OBJC_ROOT_CLASS = YES_ERROR;
				CLANG_WARN_RANGE_LOOP_ANALYSIS = YES;
				CLANG_WARN_STRICT_PROTOTYPES = YES;
				CLANG_WARN_SUSPICIOUS_MOVE = YES;
				CLANG_WARN_UNGUARDED_AVAILABILITY = YES_AGGRESSIVE;
				CLANG_WARN_UNREACHABLE_CODE = YES;
				CLANG_WARN__DUPLICATE_METHOD_MATCH = YES;
				CODE_SIGN_IDENTITY = "iPhone Developer";
				COPY_PHASE_STRIP = NO;
				DEBUG_INFORMATION_FORMAT = "dwarf-with-dsym";
				ENABLE_NS_ASSERTIONS = NO;
				ENABLE_STRICT_OBJC_MSGSEND = YES;
				GCC_C_LANGUAGE_STANDARD = gnu11;
				GCC_NO_COMMON_BLOCKS = YES;
				GCC_WARN_64_TO_32_BIT_CONVERSION = YES;
				GCC_WARN_ABOUT_RETURN_TYPE = YES_ERROR;
				GCC_WARN_UNDECLARED_SELECTOR = YES;
				GCC_WARN_UNINITIALIZED_AUTOS = YES_AGGRESSIVE;
				GCC_WARN_UNUSED_FUNCTION = YES;
				GCC_WARN_UNUSED_VARIABLE = YES;
				IPHONEOS_DEPLOYMENT_TARGET = 11.4;
				MTL_ENABLE_DEBUG_INFO = NO;
				SDKROOT = iphoneos;
				SWIFT_COMPILATION_MODE = wholemodule;
				SWIFT_OPTIMIZATION_LEVEL = "-O";
				VALIDATE_PRODUCT = YES;
			};
			name = Release;
		};
		A38C0F782106C7D70041E104 /* Debug */ = {
			isa = XCBuildConfiguration;
			baseConfigurationReference = 1F2EFB21558E46A5D42A82DB /* Pods-PokemonAPI.debug.xcconfig */;
			buildSettings = {
				ASSETCATALOG_COMPILER_APPICON_NAME = AppIcon;
				CODE_SIGN_STYLE = Automatic;
				DEVELOPMENT_TEAM = 3ZMSM9ALSB;
				INFOPLIST_FILE = PokemonAPI/Info.plist;
				IPHONEOS_DEPLOYMENT_TARGET = 11.0;
				LD_RUNPATH_SEARCH_PATHS = (
					"$(inherited)",
					"@executable_path/Frameworks",
				);
				PRODUCT_BUNDLE_IDENTIFIER = com.AEP.PokemonAPI;
				PRODUCT_NAME = "$(TARGET_NAME)";
				SWIFT_VERSION = 4.0;
				TARGETED_DEVICE_FAMILY = 1;
			};
			name = Debug;
		};
		A38C0F792106C7D70041E104 /* Release */ = {
			isa = XCBuildConfiguration;
			baseConfigurationReference = CBBA17589BA657DA8D8FFF43 /* Pods-PokemonAPI.release.xcconfig */;
			buildSettings = {
				ASSETCATALOG_COMPILER_APPICON_NAME = AppIcon;
				CODE_SIGN_STYLE = Automatic;
				DEVELOPMENT_TEAM = 3ZMSM9ALSB;
				INFOPLIST_FILE = PokemonAPI/Info.plist;
				IPHONEOS_DEPLOYMENT_TARGET = 11.0;
				LD_RUNPATH_SEARCH_PATHS = (
					"$(inherited)",
					"@executable_path/Frameworks",
				);
				PRODUCT_BUNDLE_IDENTIFIER = com.AEP.PokemonAPI;
				PRODUCT_NAME = "$(TARGET_NAME)";
				SWIFT_VERSION = 4.0;
				TARGETED_DEVICE_FAMILY = 1;
			};
			name = Release;
		};
/* End XCBuildConfiguration section */

/* Begin XCConfigurationList section */
		A38C0F602106C7D40041E104 /* Build configuration list for PBXProject "PokemonAPI" */ = {
			isa = XCConfigurationList;
			buildConfigurations = (
				A38C0F752106C7D70041E104 /* Debug */,
				A38C0F762106C7D70041E104 /* Release */,
			);
			defaultConfigurationIsVisible = 0;
			defaultConfigurationName = Release;
		};
		A38C0F772106C7D70041E104 /* Build configuration list for PBXNativeTarget "PokemonAPI" */ = {
			isa = XCConfigurationList;
			buildConfigurations = (
				A38C0F782106C7D70041E104 /* Debug */,
				A38C0F792106C7D70041E104 /* Release */,
			);
			defaultConfigurationIsVisible = 0;
			defaultConfigurationName = Release;
		};
/* End XCConfigurationList section */
	};
	rootObject = A38C0F5D2106C7D40041E104 /* Project object */;
}
